{
  "nodes": {
    "nixpkgs": {
      "locked": {
        "lastModified": 1679437018,
        "narHash": "sha256-vOuiDPLHSEo/7NkiWtxpHpHgoXoNmrm+wkXZ6a072Fc=",
        "owner": "nixos",
        "repo": "nixpkgs",
        "rev": "19cf008bb18e47b6e3b4e16e32a9a4bdd4b45f7e",
        "type": "github"
      },
      "original": {
        "owner": "nixos",
        "ref": "nixos-unstable",
        "repo": "nixpkgs",
        "type": "github"
      }
    },
    "root": {
      "inputs": {
        "nixpkgs": "nixpkgs",
        "xfsprogs": "xfsprogs"
      }
    },
    "xfsprogs": {
      "flake": false,
      "locked": {
        "lastModified": 1674226762,
        "narHash": "sha256-+LeAXR1aSQhYEcV0TGNXrT6GRN/A1U6faQf7yCvG2D0=",
        "owner": "alberand",
        "repo": "xfsprogs",
        "rev": "d8eab7600f470fbd09013eb90cbc7c5e271da4e5",
        "type": "github"
      },
      "original": {
        "owner": "alberand",
        "repo": "xfsprogs",
        "type": "github"
      }
    }
  },
  "root": "root",
  "version": 7
}
